
Microsoft Visual Studio Solution File, Format Version 12.00
# Visual Studio Version 17
VisualStudioVersion = 17.8.34408.163
MinimumVisualStudioVersion = 10.0.40219.1
Project("{FAE04EC0-301F-11D3-BF4B-00C04F79EFBC}") = "Bank", "Testing\Bank.csproj", "{233F08AE-60FA-4C61-9E6D-6A03ACD40EB0}"
EndProject
Project("{FAE04EC0-301F-11D3-BF4B-00C04F79EFBC}") = "BankTests", "BankTests\BankTests.csproj", "{1999425E-B957-4AC4-87AB-8114DC079572}"
EndProject
Global
	GlobalSection(SolutionConfigurationPlatforms) = preSolution
		Debug|Any CPU = Debug|Any CPU
		Release|Any CPU = Release|Any CPU
	EndGlobalSection
	GlobalSection(ProjectConfigurationPlatforms) = postSolution
		{233F08AE-60FA-4C61-9E6D-6A03ACD40EB0}.Debug|Any CPU.ActiveCfg = Debug|Any CPU
		{233F08AE-60FA-4C61-9E6D-6A03ACD40EB0}.Debug|Any CPU.Build.0 = Debug|Any CPU
		{233F08AE-60FA-4C61-9E6D-6A03ACD40EB0}.Release|Any CPU.ActiveCfg = Release|Any CPU
		{233F08AE-60FA-4C61-9E6D-6A03ACD40EB0}.Release|Any CPU.Build.0 = Release|Any CPU
		{1999425E-B957-4AC4-87AB-8114DC079572}.Debug|Any CPU.ActiveCfg = Debug|Any CPU
		{1999425E-B957-4AC4-87AB-8114DC079572}.Debug|Any CPU.Build.0 = Debug|Any CPU
		{1999425E-B957-4AC4-87AB-8114DC079572}.Release|Any CPU.ActiveCfg = Release|Any CPU
		{1999425E-B957-4AC4-87AB-8114DC079572}.Release|Any CPU.Build.0 = Release|Any CPU
	EndGlobalSection
	GlobalSection(SolutionProperties) = preSolution
		HideSolutionNode = FALSE
	EndGlobalSection
	GlobalSection(ExtensibilityGlobals) = postSolution
		SolutionGuid = {DA54C5C7-C82F-42FD-9787-BD16B2FF804E}
	EndGlobalSection
EndGlobal
